
Microsoft Visual Studio Solution File, Format Version 11.00
# Visual Studio 2010
Project("{4925A630-B079-445d-BCD4-3A9C94FE9307}") = "LunchLunch", "LunchLunch.fsproj", "{0842B34B-4202-497D-97B8-06016ECA7D23}"
EndProject
Global
	GlobalSection(SolutionConfigurationPlatforms) = preSolution
		Debug|Any CPU = Debug|Any CPU
		Release|Any CPU = Release|Any CPU
	EndGlobalSection
	GlobalSection(ProjectConfigurationPlatforms) = postSolution
		{0842B34B-4202-497D-97B8-06016ECA7D23}.Debug|Any CPU.ActiveCfg = Debug|Any CPU
		{0842B34B-4202-497D-97B8-06016ECA7D23}.Debug|Any CPU.Build.0 = Debug|Any CPU
		{0842B34B-4202-497D-97B8-06016ECA7D23}.Release|Any CPU.ActiveCfg = Release|Any CPU
		{0842B34B-4202-497D-97B8-06016ECA7D23}.Release|Any CPU.Build.0 = Release|Any CPU
	EndGlobalSection
	GlobalSection(MonoDevelopProperties) = preSolution
		StartupItem = LunchLunch.fsproj
	EndGlobalSection
EndGlobal
